{
  "version": 2,
  "dependencies": {
    "net10.0": {
      "Dapper": {
        "type": "Direct",
        "requested": "[2.1.35, )",
        "resolved": "2.1.35",
        "contentHash": "YKRwjVfrG7GYOovlGyQoMvr1/IJdn+7QzNXJxyMh0YfFF5yvDmTYaJOVYWsckreNjGsGSEtrMTpnzxTUq/tZQw=="
      },
      "dbup-postgresql": {
        "type": "Direct",
        "requested": "[6.1.2, )",
        "resolved": "6.1.2",
        "contentHash": "4JRRiS7+rmqZKawe1ho8McM0ClE5clWypjZ600gFSL06pY98Q9XwFVyMI9GW32+q0sJNXb/eQXH0pSeDVJnd+Q==",
        "dependencies": {
          "Npgsql": "9.0.3",
          "dbup-core": "6.0.4"
        }
      },
      "Npgsql": {
        "type": "Direct",
        "requested": "[9.0.3, )",
        "resolved": "9.0.3",
        "contentHash": "tPvY61CxOAWxNsKLEBg+oR646X4Bc8UmyQ/tJszL/7mEmIXQnnBhVJZrZEEUv0Bstu0mEsHZD5At3EO8zQRAYw==",
        "dependencies": {
          "Microsoft.Extensions.Logging.Abstractions": "8.0.2"
        }
      },
      "dbup-core": {
        "type": "Transitive",
        "resolved": "6.0.4",
        "contentHash": "+7btP67vLsBM1VBPMH8H3RHfSy715qlMkOV3JJFzErA4Mz+b6EzDS2KNd/rQyBpSWsuJI3d58GtU0nYZxoLBqA==",
        "dependencies": {
          "Microsoft.Extensions.Logging.Abstractions": "8.0.0"
        }
      },
      "Microsoft.Extensions.DependencyInjection.Abstractions": {
        "type": "Transitive",
        "resolved": "8.0.2",
        "contentHash": "3iE7UF7MQkCv1cxzCahz+Y/guQbTqieyxyaWKhrRO91itI9cOKO76OHeQDahqG4MmW5umr3CcCvGmK92lWNlbg=="
      },
      "Microsoft.Extensions.Logging.Abstractions": {
        "type": "Transitive",
        "resolved": "8.0.2",
        "contentHash": "nroMDjS7hNBPtkZqVBbSiQaQjWRDxITI8Y7XnDs97rqG3EbzVTNLZQf7bIeUJcaHOV8bca47s1Uxq94+2oGdxA==",
        "dependencies": {
          "Microsoft.Extensions.DependencyInjection.Abstractions": "8.0.2"
        }
      },
      "ratio.application": {
        "type": "Project",
        "dependencies": {
          "Ratio.Domain": "[1.0.0, )"
        }
      },
      "ratio.domain": {
        "type": "Project"
      }
    },
    "net10.0/win-x64": {}
  }
}